
Microsoft Visual Studio Solution File, Format Version 12.00
# Visual Studio 14
VisualStudioVersion = 14.0.25123.0
MinimumVisualStudioVersion = 10.0.40219.1
Project("{FAE04EC0-301F-11D3-BF4B-00C04F79EFBC}") = "Reading Buses", "Reading Buses\Reading Buses.csproj", "{AE913F09-76B4-4B17-BF09-895EC1E8BB2F}"
EndProject
Global
	GlobalSection(SolutionConfigurationPlatforms) = preSolution
		Debug|Any CPU = Debug|Any CPU
		Release|Any CPU = Release|Any CPU
	EndGlobalSection
	GlobalSection(ProjectConfigurationPlatforms) = postSolution
		{AE913F09-76B4-4B17-BF09-895EC1E8BB2F}.Debug|Any CPU.ActiveCfg = Debug|Any CPU
		{AE913F09-76B4-4B17-BF09-895EC1E8BB2F}.Debug|Any CPU.Build.0 = Debug|Any CPU
		{AE913F09-76B4-4B17-BF09-895EC1E8BB2F}.Release|Any CPU.ActiveCfg = Release|Any CPU
		{AE913F09-76B4-4B17-BF09-895EC1E8BB2F}.Release|Any CPU.Build.0 = Release|Any CPU
	EndGlobalSection
	GlobalSection(SolutionProperties) = preSolution
		HideSolutionNode = FALSE
	EndGlobalSection
EndGlobal
